
Microsoft Visual Studio Solution File, Format Version 12.00
# Visual Studio Version 17
VisualStudioVersion = 17.5.33424.131
MinimumVisualStudioVersion = 10.0.40219.1
Project("{FAE04EC0-301F-11D3-BF4B-00C04F79EFBC}") = "Anonymous Method, Lambda Expressions", "Anonymous Method, Lambda Expressions\Anonymous Method, Lambda Expressions.csproj", "{F3F8A6D0-5302-4472-AB6A-D922F386E285}"
EndProject
Project("{FAE04EC0-301F-11D3-BF4B-00C04F79EFBC}") = "Anonymous Type, Tuple", "Anonymous Type, Tuple\Anonymous Type, Tuple.csproj", "{1A234208-987D-443B-A713-33F89FF58310}"
EndProject
Project("{FAE04EC0-301F-11D3-BF4B-00C04F79EFBC}") = "Attribute_Reflection", "Attribute_Reflection\Attribute_Reflection.csproj", "{DD6CF9D9-E37E-402D-B413-7EAA14E5E037}"
EndProject
Project("{FAE04EC0-301F-11D3-BF4B-00C04F79EFBC}") = "TryParse", "TryParse\TryParse.csproj", "{A8F2C0AE-13CE-4F1D-9F26-2A4B8397C8E7}"
EndProject
Project("{FAE04EC0-301F-11D3-BF4B-00C04F79EFBC}") = "BinaryHeap", "BinaryHeap\BinaryHeap.csproj", "{D25DA87E-73A7-4F37-9A60-8D65AB2E7E8C}"
EndProject
Project("{FAE04EC0-301F-11D3-BF4B-00C04F79EFBC}") = "Binary_Search_Tree", "Binary_Search_Tree\Binary_Search_Tree.csproj", "{06CA9EB1-B7DA-4480-959B-7419A033177C}"
EndProject
Project("{FAE04EC0-301F-11D3-BF4B-00C04F79EFBC}") = "Classes", "Classes\Classes.csproj", "{C2EABFF1-23E3-4B0B-8AF8-01E1852D4155}"
EndProject
Project("{FAE04EC0-301F-11D3-BF4B-00C04F79EFBC}") = "CLR", "CLR\CLR.csproj", "{0CDB4F02-E22B-429D-9F1F-CFF01EF8BF5D}"
EndProject
Project("{FAE04EC0-301F-11D3-BF4B-00C04F79EFBC}") = "Constructor", "Constructor\Constructor.csproj", "{70246DDD-C776-45CD-A5EE-6045545D848F}"
EndProject
Project("{FAE04EC0-301F-11D3-BF4B-00C04F79EFBC}") = "Cycles", "Cycles\Cycles.csproj", "{B5125A0C-25F7-41DF-BD1F-4CE0B6DC5B19}"
EndProject
Project("{FAE04EC0-301F-11D3-BF4B-00C04F79EFBC}") = "Data_Types", "Data_Types\Data_Types.csproj", "{EF0078A9-B9F9-4E08-B70F-45C2AE55A688}"
EndProject
Project("{FAE04EC0-301F-11D3-BF4B-00C04F79EFBC}") = "Delegate-Event", "Delegate-Event\Delegate-Event.csproj", "{145A0580-D5B5-4F6B-ABDD-BF9C56E6029C}"
EndProject
Project("{FAE04EC0-301F-11D3-BF4B-00C04F79EFBC}") = "Dispose", "Dispose\Dispose.csproj", "{0A3CFCFE-D972-4B6B-A266-6C5964383D16}"
EndProject
Project("{FAE04EC0-301F-11D3-BF4B-00C04F79EFBC}") = "Exception", "Exception\Exception.csproj", "{E5D609A6-368F-4228-9AC1-24670160C2D5}"
EndProject
Project("{FAE04EC0-301F-11D3-BF4B-00C04F79EFBC}") = "Extension_Method", "Extension_Method\Extension_Method.csproj", "{2D82287C-1935-4570-9AF0-71C88D239483}"
EndProject
Project("{FAE04EC0-301F-11D3-BF4B-00C04F79EFBC}") = "Garbage_Collection", "Garbage_collection\Garbage_Collection.csproj", "{C62883E2-5AC6-44D2-BA82-19CB9FC0D222}"
EndProject
Project("{FAE04EC0-301F-11D3-BF4B-00C04F79EFBC}") = "Generic", "Generic\Generic.csproj", "{9A25D1A3-3960-415E-9042-BCE249B94210}"
EndProject
Project("{FAE04EC0-301F-11D3-BF4B-00C04F79EFBC}") = "Graph", "Graph\Graph.csproj", "{DE70C34C-3632-4A97-8B46-A2D6036D0892}"
EndProject
Project("{FAE04EC0-301F-11D3-BF4B-00C04F79EFBC}") = "HashTable", "HashTable\HashTable.csproj", "{84CB58BB-68FC-4981-95A4-C6D02CAFF02A}"
EndProject
Project("{FAE04EC0-301F-11D3-BF4B-00C04F79EFBC}") = "1", "Homework_1\1.csproj", "{36C34819-BDA3-4369-A246-73EB369B7EB4}"
EndProject
Project("{FAE04EC0-301F-11D3-BF4B-00C04F79EFBC}") = "Indexer_yield", "Indexer_yield\Indexer_yield.csproj", "{B031F649-FB40-442C-A1B5-38B4F6FDEAFA}"
EndProject
Project("{FAE04EC0-301F-11D3-BF4B-00C04F79EFBC}") = "Interface", "Interface\Interface.csproj", "{CFBC8AAD-F651-498C-8139-57E949D8E37D}"
EndProject
Project("{FAE04EC0-301F-11D3-BF4B-00C04F79EFBC}") = "Linked-List", "Linked-List\Linked-List.csproj", "{0A8EFC46-FEDA-49B8-A0A2-6CE7A25843BC}"
EndProject
Project("{FAE04EC0-301F-11D3-BF4B-00C04F79EFBC}") = "LINQ", "LINQ\LINQ.csproj", "{569B9793-3733-4516-B410-76F5914D8A66}"
EndProject
Project("{FAE04EC0-301F-11D3-BF4B-00C04F79EFBC}") = "2", "Homework_2\2.csproj", "{3960252B-438B-457B-A2C7-1CE8DE150F15}"
EndProject
Project("{FAE04EC0-301F-11D3-BF4B-00C04F79EFBC}") = "3", "Homework_3\3.csproj", "{C1021A3C-5E35-479E-A7CA-2BBC87185546}"
EndProject
Project("{FAE04EC0-301F-11D3-BF4B-00C04F79EFBC}") = "OOP", "OOP\OOP.csproj", "{C3430983-C4FE-415A-9758-AC011347959E}"
EndProject
Project("{FAE04EC0-301F-11D3-BF4B-00C04F79EFBC}") = "Map_Dictionary", "Map_Dictionary\Map_Dictionary.csproj", "{5C9DA61C-C19C-419D-BDF7-33FF35EC0080}"
EndProject
Project("{FAE04EC0-301F-11D3-BF4B-00C04F79EFBC}") = "Methods", "Methods\Methods.csproj", "{A5417E84-EA52-43E2-BCFE-D7EF6594DA27}"
EndProject
Project("{FAE04EC0-301F-11D3-BF4B-00C04F79EFBC}") = "Object", "Object\Object.csproj", "{14801872-7306-44D6-8E24-C60FD4FCD770}"
EndProject
Project("{FAE04EC0-301F-11D3-BF4B-00C04F79EFBC}") = "Operator", "Operator\Operator.csproj", "{6FD0E3D3-9D5E-4995-8AF9-EE16DDECF51A}"
EndProject
Project("{FAE04EC0-301F-11D3-BF4B-00C04F79EFBC}") = "Queue_Deque", "Queue\Queue_Deque.csproj", "{B923AC7F-373B-416B-B738-E9D9986CAB46}"
EndProject
Project("{FAE04EC0-301F-11D3-BF4B-00C04F79EFBC}") = "Serialisation", "Serialization\Serialisation.csproj", "{C2EA4EA2-B679-4200-9DF7-39BC333C7B51}"
EndProject
Project("{FAE04EC0-301F-11D3-BF4B-00C04F79EFBC}") = "Set", "Set\Set.csproj", "{D1D0A0E3-BAD7-407B-87FD-C48096223BEE}"
EndProject
Project("{FAE04EC0-301F-11D3-BF4B-00C04F79EFBC}") = "Socket_Client", "Socket_Client\Socket_Client.csproj", "{1C4880A0-F945-4969-B1B6-F6635474B62B}"
EndProject
Project("{FAE04EC0-301F-11D3-BF4B-00C04F79EFBC}") = "SQL", "SQL\SQL.csproj", "{F2C69AFE-5F98-4897-A918-1054387DF2C8}"
EndProject
Project("{FAE04EC0-301F-11D3-BF4B-00C04F79EFBC}") = "Stack", "Stack\Stack.csproj", "{93F049E7-024A-45EF-BC3B-CCA97D18E19B}"
EndProject
Project("{FAE04EC0-301F-11D3-BF4B-00C04F79EFBC}") = "Variables", "Variables\Variables.csproj", "{21557B73-DD70-4F7E-A892-DACEA29F8738}"
EndProject
Project("{FAE04EC0-301F-11D3-BF4B-00C04F79EFBC}") = "Stream_File", "Stream_File\Stream_File.csproj", "{6F3F42DD-0FCB-47CA-B0C0-BD93E0FE62C7}"
EndProject
Project("{FAE04EC0-301F-11D3-BF4B-00C04F79EFBC}") = "Trie", "Trie\Trie.csproj", "{5DAD0565-CF96-4966-85D6-4708D7ADCFDE}"
EndProject
Project("{FAE04EC0-301F-11D3-BF4B-00C04F79EFBC}") = "Unsafe Code", "Unsafe Code\Unsafe Code.csproj", "{EB112995-43DE-4B41-BB05-A1B655BF1598}"
EndProject
Project("{FAE04EC0-301F-11D3-BF4B-00C04F79EFBC}") = "Localisation", "Localisation\Localisation.csproj", "{C18D93E9-E321-487F-81F0-8249909A8C6E}"
EndProject
Project("{FAE04EC0-301F-11D3-BF4B-00C04F79EFBC}") = "Assembly_Signature", "Assembly_Signature\Assembly_Signature.csproj", "{900CE0B8-AED8-46CE-86AF-4449313E0536}"
EndProject
Project("{2150E333-8FDC-42A3-9474-1A3956D46DE8}") = "CLRviaC#", "CLRviaC#", "{4DEC99F5-4005-40FD-B3B4-A5A1F816FE4C}"
EndProject
Project("{FAE04EC0-301F-11D3-BF4B-00C04F79EFBC}") = "Basics_of_Types", "Basics of Types\Basics_of_Types.csproj", "{E9BE5F50-4323-49AD-977A-EAD57579E0F6}"
EndProject
Project("{2150E333-8FDC-42A3-9474-1A3956D46DE8}") = "Homeworks", "Homeworks", "{9C7805D8-F9D9-4D91-B21B-552F2FA00C13}"
EndProject
Project("{FAE04EC0-301F-11D3-BF4B-00C04F79EFBC}") = "Reference&Value_Types", "Reference&Value_Types\Reference&Value_Types.csproj", "{1C1ADE37-90BD-4BA3-B530-BBCE219A3543}"
EndProject
Project("{FAE04EC0-301F-11D3-BF4B-00C04F79EFBC}") = "Boxing&Unboxing_Types", "Boxing&UnboxingTypes\Boxing&Unboxing_Types.csproj", "{22E32E98-9B6F-47B0-812E-6FE664995284}"
EndProject
Project("{FAE04EC0-301F-11D3-BF4B-00C04F79EFBC}") = "Comparison", "Comparison\Comparison.csproj", "{08BBDF3B-85FE-49D0-B978-08D0F6FE436B}"
EndProject
Project("{FAE04EC0-301F-11D3-BF4B-00C04F79EFBC}") = "Types&Fields", "Types&Fields\Types&Fields.csproj", "{7AB69FFD-8839-4EDF-97D5-259EA6ECB986}"
EndProject
Project("{FAE04EC0-301F-11D3-BF4B-00C04F79EFBC}") = "Static", "Static\Static.csproj", "{423F28AE-F17A-4362-AB03-377FEC077A1A}"
EndProject
Project("{FAE04EC0-301F-11D3-BF4B-00C04F79EFBC}") = "Polymorphism", "Polymorphism\Polymorphism.csproj", "{C8E9397F-76B8-408D-937C-8E2B4E796D28}"
EndProject
Global
	GlobalSection(SolutionConfigurationPlatforms) = preSolution
		Debug|Any CPU = Debug|Any CPU
		Release|Any CPU = Release|Any CPU
	EndGlobalSection
	GlobalSection(ProjectConfigurationPlatforms) = postSolution
		{F3F8A6D0-5302-4472-AB6A-D922F386E285}.Debug|Any CPU.ActiveCfg = Debug|Any CPU
		{F3F8A6D0-5302-4472-AB6A-D922F386E285}.Debug|Any CPU.Build.0 = Debug|Any CPU
		{F3F8A6D0-5302-4472-AB6A-D922F386E285}.Release|Any CPU.ActiveCfg = Release|Any CPU
		{F3F8A6D0-5302-4472-AB6A-D922F386E285}.Release|Any CPU.Build.0 = Release|Any CPU
		{1A234208-987D-443B-A713-33F89FF58310}.Debug|Any CPU.ActiveCfg = Debug|Any CPU
		{1A234208-987D-443B-A713-33F89FF58310}.Debug|Any CPU.Build.0 = Debug|Any CPU
		{1A234208-987D-443B-A713-33F89FF58310}.Release|Any CPU.ActiveCfg = Release|Any CPU
		{1A234208-987D-443B-A713-33F89FF58310}.Release|Any CPU.Build.0 = Release|Any CPU
		{DD6CF9D9-E37E-402D-B413-7EAA14E5E037}.Debug|Any CPU.ActiveCfg = Debug|Any CPU
		{DD6CF9D9-E37E-402D-B413-7EAA14E5E037}.Debug|Any CPU.Build.0 = Debug|Any CPU
		{DD6CF9D9-E37E-402D-B413-7EAA14E5E037}.Release|Any CPU.ActiveCfg = Release|Any CPU
		{DD6CF9D9-E37E-402D-B413-7EAA14E5E037}.Release|Any CPU.Build.0 = Release|Any CPU
		{A8F2C0AE-13CE-4F1D-9F26-2A4B8397C8E7}.Debug|Any CPU.ActiveCfg = Debug|Any CPU
		{A8F2C0AE-13CE-4F1D-9F26-2A4B8397C8E7}.Debug|Any CPU.Build.0 = Debug|Any CPU
		{A8F2C0AE-13CE-4F1D-9F26-2A4B8397C8E7}.Release|Any CPU.ActiveCfg = Release|Any CPU
		{A8F2C0AE-13CE-4F1D-9F26-2A4B8397C8E7}.Release|Any CPU.Build.0 = Release|Any CPU
		{D25DA87E-73A7-4F37-9A60-8D65AB2E7E8C}.Debug|Any CPU.ActiveCfg = Debug|Any CPU
		{D25DA87E-73A7-4F37-9A60-8D65AB2E7E8C}.Debug|Any CPU.Build.0 = Debug|Any CPU
		{D25DA87E-73A7-4F37-9A60-8D65AB2E7E8C}.Release|Any CPU.ActiveCfg = Release|Any CPU
		{D25DA87E-73A7-4F37-9A60-8D65AB2E7E8C}.Release|Any CPU.Build.0 = Release|Any CPU
		{06CA9EB1-B7DA-4480-959B-7419A033177C}.Debug|Any CPU.ActiveCfg = Debug|Any CPU
		{06CA9EB1-B7DA-4480-959B-7419A033177C}.Debug|Any CPU.Build.0 = Debug|Any CPU
		{06CA9EB1-B7DA-4480-959B-7419A033177C}.Release|Any CPU.ActiveCfg = Release|Any CPU
		{06CA9EB1-B7DA-4480-959B-7419A033177C}.Release|Any CPU.Build.0 = Release|Any CPU
		{C2EABFF1-23E3-4B0B-8AF8-01E1852D4155}.Debug|Any CPU.ActiveCfg = Debug|Any CPU
		{C2EABFF1-23E3-4B0B-8AF8-01E1852D4155}.Debug|Any CPU.Build.0 = Debug|Any CPU
		{C2EABFF1-23E3-4B0B-8AF8-01E1852D4155}.Release|Any CPU.ActiveCfg = Release|Any CPU
		{C2EABFF1-23E3-4B0B-8AF8-01E1852D4155}.Release|Any CPU.Build.0 = Release|Any CPU
		{0CDB4F02-E22B-429D-9F1F-CFF01EF8BF5D}.Debug|Any CPU.ActiveCfg = Debug|Any CPU
		{0CDB4F02-E22B-429D-9F1F-CFF01EF8BF5D}.Debug|Any CPU.Build.0 = Debug|Any CPU
		{0CDB4F02-E22B-429D-9F1F-CFF01EF8BF5D}.Release|Any CPU.ActiveCfg = Release|Any CPU
		{0CDB4F02-E22B-429D-9F1F-CFF01EF8BF5D}.Release|Any CPU.Build.0 = Release|Any CPU
		{70246DDD-C776-45CD-A5EE-6045545D848F}.Debug|Any CPU.ActiveCfg = Debug|Any CPU
		{70246DDD-C776-45CD-A5EE-6045545D848F}.Debug|Any CPU.Build.0 = Debug|Any CPU
		{70246DDD-C776-45CD-A5EE-6045545D848F}.Release|Any CPU.ActiveCfg = Release|Any CPU
		{70246DDD-C776-45CD-A5EE-6045545D848F}.Release|Any CPU.Build.0 = Release|Any CPU
		{B5125A0C-25F7-41DF-BD1F-4CE0B6DC5B19}.Debug|Any CPU.ActiveCfg = Debug|Any CPU
		{B5125A0C-25F7-41DF-BD1F-4CE0B6DC5B19}.Debug|Any CPU.Build.0 = Debug|Any CPU
		{B5125A0C-25F7-41DF-BD1F-4CE0B6DC5B19}.Release|Any CPU.ActiveCfg = Release|Any CPU
		{B5125A0C-25F7-41DF-BD1F-4CE0B6DC5B19}.Release|Any CPU.Build.0 = Release|Any CPU
		{EF0078A9-B9F9-4E08-B70F-45C2AE55A688}.Debug|Any CPU.ActiveCfg = Debug|Any CPU
		{EF0078A9-B9F9-4E08-B70F-45C2AE55A688}.Debug|Any CPU.Build.0 = Debug|Any CPU
		{EF0078A9-B9F9-4E08-B70F-45C2AE55A688}.Release|Any CPU.ActiveCfg = Release|Any CPU
		{EF0078A9-B9F9-4E08-B70F-45C2AE55A688}.Release|Any CPU.Build.0 = Release|Any CPU
		{145A0580-D5B5-4F6B-ABDD-BF9C56E6029C}.Debug|Any CPU.ActiveCfg = Debug|Any CPU
		{145A0580-D5B5-4F6B-ABDD-BF9C56E6029C}.Debug|Any CPU.Build.0 = Debug|Any CPU
		{145A0580-D5B5-4F6B-ABDD-BF9C56E6029C}.Release|Any CPU.ActiveCfg = Release|Any CPU
		{145A0580-D5B5-4F6B-ABDD-BF9C56E6029C}.Release|Any CPU.Build.0 = Release|Any CPU
		{0A3CFCFE-D972-4B6B-A266-6C5964383D16}.Debug|Any CPU.ActiveCfg = Debug|Any CPU
		{0A3CFCFE-D972-4B6B-A266-6C5964383D16}.Debug|Any CPU.Build.0 = Debug|Any CPU
		{0A3CFCFE-D972-4B6B-A266-6C5964383D16}.Release|Any CPU.ActiveCfg = Release|Any CPU
		{0A3CFCFE-D972-4B6B-A266-6C5964383D16}.Release|Any CPU.Build.0 = Release|Any CPU
		{E5D609A6-368F-4228-9AC1-24670160C2D5}.Debug|Any CPU.ActiveCfg = Debug|Any CPU
		{E5D609A6-368F-4228-9AC1-24670160C2D5}.Debug|Any CPU.Build.0 = Debug|Any CPU
		{E5D609A6-368F-4228-9AC1-24670160C2D5}.Release|Any CPU.ActiveCfg = Release|Any CPU
		{E5D609A6-368F-4228-9AC1-24670160C2D5}.Release|Any CPU.Build.0 = Release|Any CPU
		{2D82287C-1935-4570-9AF0-71C88D239483}.Debug|Any CPU.ActiveCfg = Debug|Any CPU
		{2D82287C-1935-4570-9AF0-71C88D239483}.Debug|Any CPU.Build.0 = Debug|Any CPU
		{2D82287C-1935-4570-9AF0-71C88D239483}.Release|Any CPU.ActiveCfg = Release|Any CPU
		{2D82287C-1935-4570-9AF0-71C88D239483}.Release|Any CPU.Build.0 = Release|Any CPU
		{C62883E2-5AC6-44D2-BA82-19CB9FC0D222}.Debug|Any CPU.ActiveCfg = Debug|Any CPU
		{C62883E2-5AC6-44D2-BA82-19CB9FC0D222}.Debug|Any CPU.Build.0 = Debug|Any CPU
		{C62883E2-5AC6-44D2-BA82-19CB9FC0D222}.Release|Any CPU.ActiveCfg = Release|Any CPU
		{C62883E2-5AC6-44D2-BA82-19CB9FC0D222}.Release|Any CPU.Build.0 = Release|Any CPU
		{9A25D1A3-3960-415E-9042-BCE249B94210}.Debug|Any CPU.ActiveCfg = Debug|Any CPU
		{9A25D1A3-3960-415E-9042-BCE249B94210}.Debug|Any CPU.Build.0 = Debug|Any CPU
		{9A25D1A3-3960-415E-9042-BCE249B94210}.Release|Any CPU.ActiveCfg = Release|Any CPU
		{9A25D1A3-3960-415E-9042-BCE249B94210}.Release|Any CPU.Build.0 = Release|Any CPU
		{DE70C34C-3632-4A97-8B46-A2D6036D0892}.Debug|Any CPU.ActiveCfg = Debug|Any CPU
		{DE70C34C-3632-4A97-8B46-A2D6036D0892}.Debug|Any CPU.Build.0 = Debug|Any CPU
		{DE70C34C-3632-4A97-8B46-A2D6036D0892}.Release|Any CPU.ActiveCfg = Release|Any CPU
		{DE70C34C-3632-4A97-8B46-A2D6036D0892}.Release|Any CPU.Build.0 = Release|Any CPU
		{84CB58BB-68FC-4981-95A4-C6D02CAFF02A}.Debug|Any CPU.ActiveCfg = Debug|Any CPU
		{84CB58BB-68FC-4981-95A4-C6D02CAFF02A}.Debug|Any CPU.Build.0 = Debug|Any CPU
		{84CB58BB-68FC-4981-95A4-C6D02CAFF02A}.Release|Any CPU.ActiveCfg = Release|Any CPU
		{84CB58BB-68FC-4981-95A4-C6D02CAFF02A}.Release|Any CPU.Build.0 = Release|Any CPU
		{36C34819-BDA3-4369-A246-73EB369B7EB4}.Debug|Any CPU.ActiveCfg = Debug|Any CPU
		{36C34819-BDA3-4369-A246-73EB369B7EB4}.Debug|Any CPU.Build.0 = Debug|Any CPU
		{36C34819-BDA3-4369-A246-73EB369B7EB4}.Release|Any CPU.ActiveCfg = Release|Any CPU
		{36C34819-BDA3-4369-A246-73EB369B7EB4}.Release|Any CPU.Build.0 = Release|Any CPU
		{B031F649-FB40-442C-A1B5-38B4F6FDEAFA}.Debug|Any CPU.ActiveCfg = Debug|Any CPU
		{B031F649-FB40-442C-A1B5-38B4F6FDEAFA}.Debug|Any CPU.Build.0 = Debug|Any CPU
		{B031F649-FB40-442C-A1B5-38B4F6FDEAFA}.Release|Any CPU.ActiveCfg = Release|Any CPU
		{B031F649-FB40-442C-A1B5-38B4F6FDEAFA}.Release|Any CPU.Build.0 = Release|Any CPU
		{CFBC8AAD-F651-498C-8139-57E949D8E37D}.Debug|Any CPU.ActiveCfg = Debug|Any CPU
		{CFBC8AAD-F651-498C-8139-57E949D8E37D}.Debug|Any CPU.Build.0 = Debug|Any CPU
		{CFBC8AAD-F651-498C-8139-57E949D8E37D}.Release|Any CPU.ActiveCfg = Release|Any CPU
		{CFBC8AAD-F651-498C-8139-57E949D8E37D}.Release|Any CPU.Build.0 = Release|Any CPU
		{0A8EFC46-FEDA-49B8-A0A2-6CE7A25843BC}.Debug|Any CPU.ActiveCfg = Debug|Any CPU
		{0A8EFC46-FEDA-49B8-A0A2-6CE7A25843BC}.Debug|Any CPU.Build.0 = Debug|Any CPU
		{0A8EFC46-FEDA-49B8-A0A2-6CE7A25843BC}.Release|Any CPU.ActiveCfg = Release|Any CPU
		{0A8EFC46-FEDA-49B8-A0A2-6CE7A25843BC}.Release|Any CPU.Build.0 = Release|Any CPU
		{569B9793-3733-4516-B410-76F5914D8A66}.Debug|Any CPU.ActiveCfg = Debug|Any CPU
		{569B9793-3733-4516-B410-76F5914D8A66}.Debug|Any CPU.Build.0 = Debug|Any CPU
		{569B9793-3733-4516-B410-76F5914D8A66}.Release|Any CPU.ActiveCfg = Release|Any CPU
		{569B9793-3733-4516-B410-76F5914D8A66}.Release|Any CPU.Build.0 = Release|Any CPU
		{3960252B-438B-457B-A2C7-1CE8DE150F15}.Debug|Any CPU.ActiveCfg = Debug|Any CPU
		{3960252B-438B-457B-A2C7-1CE8DE150F15}.Debug|Any CPU.Build.0 = Debug|Any CPU
		{3960252B-438B-457B-A2C7-1CE8DE150F15}.Release|Any CPU.ActiveCfg = Release|Any CPU
		{3960252B-438B-457B-A2C7-1CE8DE150F15}.Release|Any CPU.Build.0 = Release|Any CPU
		{C1021A3C-5E35-479E-A7CA-2BBC87185546}.Debug|Any CPU.ActiveCfg = Debug|Any CPU
		{C1021A3C-5E35-479E-A7CA-2BBC87185546}.Debug|Any CPU.Build.0 = Debug|Any CPU
		{C1021A3C-5E35-479E-A7CA-2BBC87185546}.Release|Any CPU.ActiveCfg = Release|Any CPU
		{C1021A3C-5E35-479E-A7CA-2BBC87185546}.Release|Any CPU.Build.0 = Release|Any CPU
		{C3430983-C4FE-415A-9758-AC011347959E}.Debug|Any CPU.ActiveCfg = Debug|Any CPU
		{C3430983-C4FE-415A-9758-AC011347959E}.Debug|Any CPU.Build.0 = Debug|Any CPU
		{C3430983-C4FE-415A-9758-AC011347959E}.Release|Any CPU.ActiveCfg = Release|Any CPU
		{C3430983-C4FE-415A-9758-AC011347959E}.Release|Any CPU.Build.0 = Release|Any CPU
		{5C9DA61C-C19C-419D-BDF7-33FF35EC0080}.Debug|Any CPU.ActiveCfg = Debug|Any CPU
		{5C9DA61C-C19C-419D-BDF7-33FF35EC0080}.Debug|Any CPU.Build.0 = Debug|Any CPU
		{5C9DA61C-C19C-419D-BDF7-33FF35EC0080}.Release|Any CPU.ActiveCfg = Release|Any CPU
		{5C9DA61C-C19C-419D-BDF7-33FF35EC0080}.Release|Any CPU.Build.0 = Release|Any CPU
		{A5417E84-EA52-43E2-BCFE-D7EF6594DA27}.Debug|Any CPU.ActiveCfg = Debug|Any CPU
		{A5417E84-EA52-43E2-BCFE-D7EF6594DA27}.Debug|Any CPU.Build.0 = Debug|Any CPU
		{A5417E84-EA52-43E2-BCFE-D7EF6594DA27}.Release|Any CPU.ActiveCfg = Release|Any CPU
		{A5417E84-EA52-43E2-BCFE-D7EF6594DA27}.Release|Any CPU.Build.0 = Release|Any CPU
		{14801872-7306-44D6-8E24-C60FD4FCD770}.Debug|Any CPU.ActiveCfg = Debug|Any CPU
		{14801872-7306-44D6-8E24-C60FD4FCD770}.Debug|Any CPU.Build.0 = Debug|Any CPU
		{14801872-7306-44D6-8E24-C60FD4FCD770}.Release|Any CPU.ActiveCfg = Release|Any CPU
		{14801872-7306-44D6-8E24-C60FD4FCD770}.Release|Any CPU.Build.0 = Release|Any CPU
		{6FD0E3D3-9D5E-4995-8AF9-EE16DDECF51A}.Debug|Any CPU.ActiveCfg = Debug|Any CPU
		{6FD0E3D3-9D5E-4995-8AF9-EE16DDECF51A}.Debug|Any CPU.Build.0 = Debug|Any CPU
		{6FD0E3D3-9D5E-4995-8AF9-EE16DDECF51A}.Release|Any CPU.ActiveCfg = Release|Any CPU
		{6FD0E3D3-9D5E-4995-8AF9-EE16DDECF51A}.Release|Any CPU.Build.0 = Release|Any CPU
		{B923AC7F-373B-416B-B738-E9D9986CAB46}.Debug|Any CPU.ActiveCfg = Debug|Any CPU
		{B923AC7F-373B-416B-B738-E9D9986CAB46}.Debug|Any CPU.Build.0 = Debug|Any CPU
		{B923AC7F-373B-416B-B738-E9D9986CAB46}.Release|Any CPU.ActiveCfg = Release|Any CPU
		{B923AC7F-373B-416B-B738-E9D9986CAB46}.Release|Any CPU.Build.0 = Release|Any CPU
		{C2EA4EA2-B679-4200-9DF7-39BC333C7B51}.Debug|Any CPU.ActiveCfg = Debug|Any CPU
		{C2EA4EA2-B679-4200-9DF7-39BC333C7B51}.Debug|Any CPU.Build.0 = Debug|Any CPU
		{C2EA4EA2-B679-4200-9DF7-39BC333C7B51}.Release|Any CPU.ActiveCfg = Release|Any CPU
		{C2EA4EA2-B679-4200-9DF7-39BC333C7B51}.Release|Any CPU.Build.0 = Release|Any CPU
		{D1D0A0E3-BAD7-407B-87FD-C48096223BEE}.Debug|Any CPU.ActiveCfg = Debug|Any CPU
		{D1D0A0E3-BAD7-407B-87FD-C48096223BEE}.Debug|Any CPU.Build.0 = Debug|Any CPU
		{D1D0A0E3-BAD7-407B-87FD-C48096223BEE}.Release|Any CPU.ActiveCfg = Release|Any CPU
		{D1D0A0E3-BAD7-407B-87FD-C48096223BEE}.Release|Any CPU.Build.0 = Release|Any CPU
		{1C4880A0-F945-4969-B1B6-F6635474B62B}.Debug|Any CPU.ActiveCfg = Debug|Any CPU
		{1C4880A0-F945-4969-B1B6-F6635474B62B}.Debug|Any CPU.Build.0 = Debug|Any CPU
		{1C4880A0-F945-4969-B1B6-F6635474B62B}.Release|Any CPU.ActiveCfg = Release|Any CPU
		{1C4880A0-F945-4969-B1B6-F6635474B62B}.Release|Any CPU.Build.0 = Release|Any CPU
		{F2C69AFE-5F98-4897-A918-1054387DF2C8}.Debug|Any CPU.ActiveCfg = Debug|Any CPU
		{F2C69AFE-5F98-4897-A918-1054387DF2C8}.Debug|Any CPU.Build.0 = Debug|Any CPU
		{F2C69AFE-5F98-4897-A918-1054387DF2C8}.Release|Any CPU.ActiveCfg = Release|Any CPU
		{F2C69AFE-5F98-4897-A918-1054387DF2C8}.Release|Any CPU.Build.0 = Release|Any CPU
		{93F049E7-024A-45EF-BC3B-CCA97D18E19B}.Debug|Any CPU.ActiveCfg = Debug|Any CPU
		{93F049E7-024A-45EF-BC3B-CCA97D18E19B}.Debug|Any CPU.Build.0 = Debug|Any CPU
		{93F049E7-024A-45EF-BC3B-CCA97D18E19B}.Release|Any CPU.ActiveCfg = Release|Any CPU
		{93F049E7-024A-45EF-BC3B-CCA97D18E19B}.Release|Any CPU.Build.0 = Release|Any CPU
		{21557B73-DD70-4F7E-A892-DACEA29F8738}.Debug|Any CPU.ActiveCfg = Debug|Any CPU
		{21557B73-DD70-4F7E-A892-DACEA29F8738}.Debug|Any CPU.Build.0 = Debug|Any CPU
		{21557B73-DD70-4F7E-A892-DACEA29F8738}.Release|Any CPU.ActiveCfg = Release|Any CPU
		{21557B73-DD70-4F7E-A892-DACEA29F8738}.Release|Any CPU.Build.0 = Release|Any CPU
		{6F3F42DD-0FCB-47CA-B0C0-BD93E0FE62C7}.Debug|Any CPU.ActiveCfg = Debug|Any CPU
		{6F3F42DD-0FCB-47CA-B0C0-BD93E0FE62C7}.Debug|Any CPU.Build.0 = Debug|Any CPU
		{6F3F42DD-0FCB-47CA-B0C0-BD93E0FE62C7}.Release|Any CPU.ActiveCfg = Release|Any CPU
		{6F3F42DD-0FCB-47CA-B0C0-BD93E0FE62C7}.Release|Any CPU.Build.0 = Release|Any CPU
		{5DAD0565-CF96-4966-85D6-4708D7ADCFDE}.Debug|Any CPU.ActiveCfg = Debug|Any CPU
		{5DAD0565-CF96-4966-85D6-4708D7ADCFDE}.Debug|Any CPU.Build.0 = Debug|Any CPU
		{5DAD0565-CF96-4966-85D6-4708D7ADCFDE}.Release|Any CPU.ActiveCfg = Release|Any CPU
		{5DAD0565-CF96-4966-85D6-4708D7ADCFDE}.Release|Any CPU.Build.0 = Release|Any CPU
		{EB112995-43DE-4B41-BB05-A1B655BF1598}.Debug|Any CPU.ActiveCfg = Debug|Any CPU
		{EB112995-43DE-4B41-BB05-A1B655BF1598}.Debug|Any CPU.Build.0 = Debug|Any CPU
		{EB112995-43DE-4B41-BB05-A1B655BF1598}.Release|Any CPU.ActiveCfg = Release|Any CPU
		{EB112995-43DE-4B41-BB05-A1B655BF1598}.Release|Any CPU.Build.0 = Release|Any CPU
		{C18D93E9-E321-487F-81F0-8249909A8C6E}.Debug|Any CPU.ActiveCfg = Debug|Any CPU
		{C18D93E9-E321-487F-81F0-8249909A8C6E}.Debug|Any CPU.Build.0 = Debug|Any CPU
		{C18D93E9-E321-487F-81F0-8249909A8C6E}.Release|Any CPU.ActiveCfg = Release|Any CPU
		{C18D93E9-E321-487F-81F0-8249909A8C6E}.Release|Any CPU.Build.0 = Release|Any CPU
		{900CE0B8-AED8-46CE-86AF-4449313E0536}.Debug|Any CPU.ActiveCfg = Debug|Any CPU
		{900CE0B8-AED8-46CE-86AF-4449313E0536}.Debug|Any CPU.Build.0 = Debug|Any CPU
		{900CE0B8-AED8-46CE-86AF-4449313E0536}.Release|Any CPU.ActiveCfg = Release|Any CPU
		{900CE0B8-AED8-46CE-86AF-4449313E0536}.Release|Any CPU.Build.0 = Release|Any CPU
		{E9BE5F50-4323-49AD-977A-EAD57579E0F6}.Debug|Any CPU.ActiveCfg = Debug|Any CPU
		{E9BE5F50-4323-49AD-977A-EAD57579E0F6}.Debug|Any CPU.Build.0 = Debug|Any CPU
		{E9BE5F50-4323-49AD-977A-EAD57579E0F6}.Release|Any CPU.ActiveCfg = Release|Any CPU
		{E9BE5F50-4323-49AD-977A-EAD57579E0F6}.Release|Any CPU.Build.0 = Release|Any CPU
		{1C1ADE37-90BD-4BA3-B530-BBCE219A3543}.Debug|Any CPU.ActiveCfg = Debug|Any CPU
		{1C1ADE37-90BD-4BA3-B530-BBCE219A3543}.Debug|Any CPU.Build.0 = Debug|Any CPU
		{1C1ADE37-90BD-4BA3-B530-BBCE219A3543}.Release|Any CPU.ActiveCfg = Release|Any CPU
		{1C1ADE37-90BD-4BA3-B530-BBCE219A3543}.Release|Any CPU.Build.0 = Release|Any CPU
		{22E32E98-9B6F-47B0-812E-6FE664995284}.Debug|Any CPU.ActiveCfg = Debug|Any CPU
		{22E32E98-9B6F-47B0-812E-6FE664995284}.Debug|Any CPU.Build.0 = Debug|Any CPU
		{22E32E98-9B6F-47B0-812E-6FE664995284}.Release|Any CPU.ActiveCfg = Release|Any CPU
		{22E32E98-9B6F-47B0-812E-6FE664995284}.Release|Any CPU.Build.0 = Release|Any CPU
		{08BBDF3B-85FE-49D0-B978-08D0F6FE436B}.Debug|Any CPU.ActiveCfg = Debug|Any CPU
		{08BBDF3B-85FE-49D0-B978-08D0F6FE436B}.Debug|Any CPU.Build.0 = Debug|Any CPU
		{08BBDF3B-85FE-49D0-B978-08D0F6FE436B}.Release|Any CPU.ActiveCfg = Release|Any CPU
		{08BBDF3B-85FE-49D0-B978-08D0F6FE436B}.Release|Any CPU.Build.0 = Release|Any CPU
		{7AB69FFD-8839-4EDF-97D5-259EA6ECB986}.Debug|Any CPU.ActiveCfg = Debug|Any CPU
		{7AB69FFD-8839-4EDF-97D5-259EA6ECB986}.Debug|Any CPU.Build.0 = Debug|Any CPU
		{7AB69FFD-8839-4EDF-97D5-259EA6ECB986}.Release|Any CPU.ActiveCfg = Release|Any CPU
		{7AB69FFD-8839-4EDF-97D5-259EA6ECB986}.Release|Any CPU.Build.0 = Release|Any CPU
		{423F28AE-F17A-4362-AB03-377FEC077A1A}.Debug|Any CPU.ActiveCfg = Debug|Any CPU
		{423F28AE-F17A-4362-AB03-377FEC077A1A}.Debug|Any CPU.Build.0 = Debug|Any CPU
		{423F28AE-F17A-4362-AB03-377FEC077A1A}.Release|Any CPU.ActiveCfg = Release|Any CPU
		{423F28AE-F17A-4362-AB03-377FEC077A1A}.Release|Any CPU.Build.0 = Release|Any CPU
		{C8E9397F-76B8-408D-937C-8E2B4E796D28}.Debug|Any CPU.ActiveCfg = Debug|Any CPU
		{C8E9397F-76B8-408D-937C-8E2B4E796D28}.Debug|Any CPU.Build.0 = Debug|Any CPU
		{C8E9397F-76B8-408D-937C-8E2B4E796D28}.Release|Any CPU.ActiveCfg = Release|Any CPU
		{C8E9397F-76B8-408D-937C-8E2B4E796D28}.Release|Any CPU.Build.0 = Release|Any CPU
	EndGlobalSection
	GlobalSection(SolutionProperties) = preSolution
		HideSolutionNode = FALSE
	EndGlobalSection
	GlobalSection(NestedProjects) = preSolution
		{0CDB4F02-E22B-429D-9F1F-CFF01EF8BF5D} = {4DEC99F5-4005-40FD-B3B4-A5A1F816FE4C}
		{EF0078A9-B9F9-4E08-B70F-45C2AE55A688} = {4DEC99F5-4005-40FD-B3B4-A5A1F816FE4C}
		{36C34819-BDA3-4369-A246-73EB369B7EB4} = {9C7805D8-F9D9-4D91-B21B-552F2FA00C13}
		{3960252B-438B-457B-A2C7-1CE8DE150F15} = {9C7805D8-F9D9-4D91-B21B-552F2FA00C13}
		{C1021A3C-5E35-479E-A7CA-2BBC87185546} = {9C7805D8-F9D9-4D91-B21B-552F2FA00C13}
		{900CE0B8-AED8-46CE-86AF-4449313E0536} = {4DEC99F5-4005-40FD-B3B4-A5A1F816FE4C}
		{E9BE5F50-4323-49AD-977A-EAD57579E0F6} = {4DEC99F5-4005-40FD-B3B4-A5A1F816FE4C}
		{1C1ADE37-90BD-4BA3-B530-BBCE219A3543} = {4DEC99F5-4005-40FD-B3B4-A5A1F816FE4C}
		{22E32E98-9B6F-47B0-812E-6FE664995284} = {4DEC99F5-4005-40FD-B3B4-A5A1F816FE4C}
		{08BBDF3B-85FE-49D0-B978-08D0F6FE436B} = {4DEC99F5-4005-40FD-B3B4-A5A1F816FE4C}
		{7AB69FFD-8839-4EDF-97D5-259EA6ECB986} = {4DEC99F5-4005-40FD-B3B4-A5A1F816FE4C}
		{423F28AE-F17A-4362-AB03-377FEC077A1A} = {4DEC99F5-4005-40FD-B3B4-A5A1F816FE4C}
		{C8E9397F-76B8-408D-937C-8E2B4E796D28} = {4DEC99F5-4005-40FD-B3B4-A5A1F816FE4C}
	EndGlobalSection
	GlobalSection(ExtensibilityGlobals) = postSolution
		SolutionGuid = {6D97F02F-CC8E-4C5E-BAE0-2BC6FCAF258F}
	EndGlobalSection
EndGlobal
